// !$*UTF8*$!
{
	archiveVersion = 1;
	classes = {
	};
	objectVersion = 56;
	objects = {

/* Begin PBXBuildFile section */
		577F40212991185000B18ED2 /* AppDelegate.swift in Sources */ = {isa = PBXBuildFile; fileRef = 577F40202991185000B18ED2 /* AppDelegate.swift */; };
		577F40232991185000B18ED2 /* SceneDelegate.swift in Sources */ = {isa = PBXBuildFile; fileRef = 577F40222991185000B18ED2 /* SceneDelegate.swift */; };
		577F40252991185000B18ED2 /* ViewController.swift in Sources */ = {isa = PBXBuildFile; fileRef = 577F40242991185000B18ED2 /* ViewController.swift */; };
		577F40282991185000B18ED2 /* Main.storyboard in Resources */ = {isa = PBXBuildFile; fileRef = 577F40262991185000B18ED2 /* Main.storyboard */; };
		577F402B2991185000B18ED2 /* TMS.xcdatamodeld in Sources */ = {isa = PBXBuildFile; fileRef = 577F40292991185000B18ED2 /* TMS.xcdatamodeld */; };
		577F402D2991185200B18ED2 /* Assets.xcassets in Resources */ = {isa = PBXBuildFile; fileRef = 577F402C2991185200B18ED2 /* Assets.xcassets */; };
		577F40302991185200B18ED2 /* LaunchScreen.storyboard in Resources */ = {isa = PBXBuildFile; fileRef = 577F402E2991185200B18ED2 /* LaunchScreen.storyboard */; };
		577F403B2991185200B18ED2 /* TMSTests.swift in Sources */ = {isa = PBXBuildFile; fileRef = 577F403A2991185200B18ED2 /* TMSTests.swift */; };
		577F40452991185200B18ED2 /* TMSUITests.swift in Sources */ = {isa = PBXBuildFile; fileRef = 577F40442991185200B18ED2 /* TMSUITests.swift */; };
		577F40472991185200B18ED2 /* TMSUITestsLaunchTests.swift in Sources */ = {isa = PBXBuildFile; fileRef = 577F40462991185200B18ED2 /* TMSUITestsLaunchTests.swift */; };
/* End PBXBuildFile section */

/* Begin PBXContainerItemProxy section */
		577F40372991185200B18ED2 /* PBXContainerItemProxy */ = {
			isa = PBXContainerItemProxy;
			containerPortal = 577F40152991185000B18ED2 /* Project object */;
			proxyType = 1;
			remoteGlobalIDString = 577F401C2991185000B18ED2;
			remoteInfo = TMS;
		};
		577F40412991185200B18ED2 /* PBXContainerItemProxy */ = {
			isa = PBXContainerItemProxy;
			containerPortal = 577F40152991185000B18ED2 /* Project object */;
			proxyType = 1;
			remoteGlobalIDString = 577F401C2991185000B18ED2;
			remoteInfo = TMS;
		};
/* End PBXContainerItemProxy section */

/* Begin PBXFileReference section */
		577F401D2991185000B18ED2 /* TMS.app */ = {isa = PBXFileReference; explicitFileType = wrapper.application; includeInIndex = 0; path = TMS.app; sourceTree = BUILT_PRODUCTS_DIR; };
		577F40202991185000B18ED2 /* AppDelegate.swift */ = {isa = PBXFileReference; lastKnownFileType = sourcecode.swift; path = AppDelegate.swift; sourceTree = "<group>"; };
		577F40222991185000B18ED2 /* SceneDelegate.swift */ = {isa = PBXFileReference; lastKnownFileType = sourcecode.swift; path = SceneDelegate.swift; sourceTree = "<group>"; };
		577F40242991185000B18ED2 /* ViewController.swift */ = {isa = PBXFileReference; lastKnownFileType = sourcecode.swift; path = ViewController.swift; sourceTree = "<group>"; };
		577F40272991185000B18ED2 /* Base */ = {isa = PBXFileReference; lastKnownFileType = file.storyboard; name = Base; path = Base.lproj/Main.storyboard; sourceTree = "<group>"; };
		577F402A2991185000B18ED2 /* TMS.xcdatamodel */ = {isa = PBXFileReference; lastKnownFileType = wrapper.xcdatamodel; path = TMS.xcdatamodel; sourceTree = "<group>"; };
		577F402C2991185200B18ED2 /* Assets.xcassets */ = {isa = PBXFileReference; lastKnownFileType = folder.assetcatalog; path = Assets.xcassets; sourceTree = "<group>"; };
		577F402F2991185200B18ED2 /* Base */ = {isa = PBXFileReference; lastKnownFileType = file.storyboard; name = Base; path = Base.lproj/LaunchScreen.storyboard; sourceTree = "<group>"; };
		577F40312991185200B18ED2 /* Info.plist */ = {isa = PBXFileReference; lastKnownFileType = text.plist.xml; path = Info.plist; sourceTree = "<group>"; };
		577F40362991185200B18ED2 /* TMSTests.xctest */ = {isa = PBXFileReference; explicitFileType = wrapper.cfbundle; includeInIndex = 0; path = TMSTests.xctest; sourceTree = BUILT_PRODUCTS_DIR; };
		577F403A2991185200B18ED2 /* TMSTests.swift */ = {isa = PBXFileReference; lastKnownFileType = sourcecode.swift; path = TMSTests.swift; sourceTree = "<group>"; };
		577F40402991185200B18ED2 /* TMSUITests.xctest */ = {isa = PBXFileReference; explicitFileType = wrapper.cfbundle; includeInIndex = 0; path = TMSUITests.xctest; sourceTree = BUILT_PRODUCTS_DIR; };
		577F40442991185200B18ED2 /* TMSUITests.swift */ = {isa = PBXFileReference; lastKnownFileType = sourcecode.swift; path = TMSUITests.swift; sourceTree = "<group>"; };
		577F40462991185200B18ED2 /* TMSUITestsLaunchTests.swift */ = {isa = PBXFileReference; lastKnownFileType = sourcecode.swift; path = TMSUITestsLaunchTests.swift; sourceTree = "<group>"; };
/* End PBXFileReference section */

/* Begin PBXFrameworksBuildPhase section */
		577F401A2991185000B18ED2 /* Frameworks */ = {
			isa = PBXFrameworksBuildPhase;
			buildActionMask = 2147483647;
			files = (
			);
			runOnlyForDeploymentPostprocessing = 0;
		};
		577F40332991185200B18ED2 /* Frameworks */ = {
			isa = PBXFrameworksBuildPhase;
			buildActionMask = 2147483647;
			files = (
			);
			runOnlyForDeploymentPostprocessing = 0;
		};
		577F403D2991185200B18ED2 /* Frameworks */ = {
			isa = PBXFrameworksBuildPhase;
			buildActionMask = 2147483647;
			files = (
			);
			runOnlyForDeploymentPostprocessing = 0;
		};
/* End PBXFrameworksBuildPhase section */

/* Begin PBXGroup section */
		577F40142991185000B18ED2 = {
			isa = PBXGroup;
			children = (
				577F401F2991185000B18ED2 /* TMS */,
				577F40392991185200B18ED2 /* TMSTests */,
				577F40432991185200B18ED2 /* TMSUITests */,
				577F401E2991185000B18ED2 /* Products */,
			);
			sourceTree = "<group>";
		};
		577F401E2991185000B18ED2 /* Products */ = {
			isa = PBXGroup;
			children = (
				577F401D2991185000B18ED2 /* TMS.app */,
				577F40362991185200B18ED2 /* TMSTests.xctest */,
				577F40402991185200B18ED2 /* TMSUITests.xctest */,
			);
			name = Products;
			sourceTree = "<group>";
		};
		577F401F2991185000B18ED2 /* TMS */ = {
			isa = PBXGroup;
			children = (
				577F40202991185000B18ED2 /* AppDelegate.swift */,
				577F40222991185000B18ED2 /* SceneDelegate.swift */,
				577F40242991185000B18ED2 /* ViewController.swift */,
				577F40262991185000B18ED2 /* Main.storyboard */,
				577F402C2991185200B18ED2 /* Assets.xcassets */,
				577F402E2991185200B18ED2 /* LaunchScreen.storyboard */,
				577F40312991185200B18ED2 /* Info.plist */,
				577F40292991185000B18ED2 /* TMS.xcdatamodeld */,
			);
			path = TMS;
			sourceTree = "<group>";
		};
		577F40392991185200B18ED2 /* TMSTests */ = {
			isa = PBXGroup;
			children = (
				577F403A2991185200B18ED2 /* TMSTests.swift */,
			);
			path = TMSTests;
			sourceTree = "<group>";
		};
		577F40432991185200B18ED2 /* TMSUITests */ = {
			isa = PBXGroup;
			children = (
				577F40442991185200B18ED2 /* TMSUITests.swift */,
				577F40462991185200B18ED2 /* TMSUITestsLaunchTests.swift */,
			);
			path = TMSUITests;
			sourceTree = "<group>";
		};
/* End PBXGroup section */

/* Begin PBXNativeTarget section */
		577F401C2991185000B18ED2 /* TMS */ = {
			isa = PBXNativeTarget;
			buildConfigurationList = 577F404A2991185200B18ED2 /* Build configuration list for PBXNativeTarget "TMS" */;
			buildPhases = (
				577F40192991185000B18ED2 /* Sources */,
				577F401A2991185000B18ED2 /* Frameworks */,
				577F401B2991185000B18ED2 /* Resources */,
			);
			buildRules = (
			);
			dependencies = (
			);
			name = TMS;
			productName = TMS;
			productReference = 577F401D2991185000B18ED2 /* TMS.app */;
			productType = "com.apple.product-type.application";
		};
		577F40352991185200B18ED2 /* TMSTests */ = {
			isa = PBXNativeTarget;
			buildConfigurationList = 577F404D2991185200B18ED2 /* Build configuration list for PBXNativeTarget "TMSTests" */;
			buildPhases = (
				577F40322991185200B18ED2 /* Sources */,
				577F40332991185200B18ED2 /* Frameworks */,
				577F40342991185200B18ED2 /* Resources */,
			);
			buildRules = (
			);
			dependencies = (
				577F40382991185200B18ED2 /* PBXTargetDependency */,
			);
			name = TMSTests;
			productName = TMSTests;
			productReference = 577F40362991185200B18ED2 /* TMSTests.xctest */;
			productType = "com.apple.product-type.bundle.unit-test";
		};
		577F403F2991185200B18ED2 /* TMSUITests */ = {
			isa = PBXNativeTarget;
			buildConfigurationList = 577F40502991185200B18ED2 /* Build configuration list for PBXNativeTarget "TMSUITests" */;
			buildPhases = (
				577F403C2991185200B18ED2 /* Sources */,
				577F403D2991185200B18ED2 /* Frameworks */,
				577F403E2991185200B18ED2 /* Resources */,
			);
			buildRules = (
			);
			dependencies = (
				577F40422991185200B18ED2 /* PBXTargetDependency */,
			);
			name = TMSUITests;
			productName = TMSUITests;
			productReference = 577F40402991185200B18ED2 /* TMSUITests.xctest */;
			productType = "com.apple.product-type.bundle.ui-testing";
		};
/* End PBXNativeTarget section */

/* Begin PBXProject section */
		577F40152991185000B18ED2 /* Project object */ = {
			isa = PBXProject;
			attributes = {
				BuildIndependentTargetsInParallel = 1;
				LastSwiftUpdateCheck = 1420;
				LastUpgradeCheck = 1420;
				TargetAttributes = {
					577F401C2991185000B18ED2 = {
						CreatedOnToolsVersion = 14.2;
					};
					577F40352991185200B18ED2 = {
						CreatedOnToolsVersion = 14.2;
						TestTargetID = 577F401C2991185000B18ED2;
					};
					577F403F2991185200B18ED2 = {
						CreatedOnToolsVersion = 14.2;
						TestTargetID = 577F401C2991185000B18ED2;
					};
				};
			};
			buildConfigurationList = 577F40182991185000B18ED2 /* Build configuration list for PBXProject "TMS" */;
			compatibilityVersion = "Xcode 14.0";
			developmentRegion = en;
			hasScannedForEncodings = 0;
			knownRegions = (
				en,
				Base,
			);
			mainGroup = 577F40142991185000B18ED2;
			productRefGroup = 577F401E2991185000B18ED2 /* Products */;
			projectDirPath = "";
			projectRoot = "";
			targets = (
				577F401C2991185000B18ED2 /* TMS */,
				577F40352991185200B18ED2 /* TMSTests */,
				577F403F2991185200B18ED2 /* TMSUITests */,
			);
		};
/* End PBXProject section */

/* Begin PBXResourcesBuildPhase section */
		577F401B2991185000B18ED2 /* Resources */ = {
			isa = PBXResourcesBuildPhase;
			buildActionMask = 2147483647;
			files = (
				577F40302991185200B18ED2 /* LaunchScreen.storyboard in Resources */,
				577F402D2991185200B18ED2 /* Assets.xcassets in Resources */,
				577F40282991185000B18ED2 /* Main.storyboard in Resources */,
			);
			runOnlyForDeploymentPostprocessing = 0;
		};
		577F40342991185200B18ED2 /* Resources */ = {
			isa = PBXResourcesBuildPhase;
			buildActionMask = 2147483647;
			files = (
			);
			runOnlyForDeploymentPostprocessing = 0;
		};
		577F403E2991185200B18ED2 /* Resources */ = {
			isa = PBXResourcesBuildPhase;
			buildActionMask = 2147483647;
			files = (
			);
			runOnlyForDeploymentPostprocessing = 0;
		};
/* End PBXResourcesBuildPhase section */

/* Begin PBXSourcesBuildPhase section */
		577F40192991185000B18ED2 /* Sources */ = {
			isa = PBXSourcesBuildPhase;
			buildActionMask = 2147483647;
			files = (
				577F402B2991185000B18ED2 /* TMS.xcdatamodeld in Sources */,
				577F40252991185000B18ED2 /* ViewController.swift in Sources */,
				577F40212991185000B18ED2 /* AppDelegate.swift in Sources */,
				577F40232991185000B18ED2 /* SceneDelegate.swift in Sources */,
			);
			runOnlyForDeploymentPostprocessing = 0;
		};
		577F40322991185200B18ED2 /* Sources */ = {
			isa = PBXSourcesBuildPhase;
			buildActionMask = 2147483647;
			files = (
				577F403B2991185200B18ED2 /* TMSTests.swift in Sources */,
			);
			runOnlyForDeploymentPostprocessing = 0;
		};
		577F403C2991185200B18ED2 /* Sources */ = {
			isa = PBXSourcesBuildPhase;
			buildActionMask = 2147483647;
			files = (
				577F40452991185200B18ED2 /* TMSUITests.swift in Sources */,
				577F40472991185200B18ED2 /* TMSUITestsLaunchTests.swift in Sources */,
			);
			runOnlyForDeploymentPostprocessing = 0;
		};
/* End PBXSourcesBuildPhase section */

/* Begin PBXTargetDependency section */
		577F40382991185200B18ED2 /* PBXTargetDependency */ = {
			isa = PBXTargetDependency;
			target = 577F401C2991185000B18ED2 /* TMS */;
			targetProxy = 577F40372991185200B18ED2 /* PBXContainerItemProxy */;
		};
		577F40422991185200B18ED2 /* PBXTargetDependency */ = {
			isa = PBXTargetDependency;
			target = 577F401C2991185000B18ED2 /* TMS */;
			targetProxy = 577F40412991185200B18ED2 /* PBXContainerItemProxy */;
		};
/* End PBXTargetDependency section */

/* Begin PBXVariantGroup section */
		577F40262991185000B18ED2 /* Main.storyboard */ = {
			isa = PBXVariantGroup;
			children = (
				577F40272991185000B18ED2 /* Base */,
			);
			name = Main.storyboard;
			sourceTree = "<group>";
		};
		577F402E2991185200B18ED2 /* LaunchScreen.storyboard */ = {
			isa = PBXVariantGroup;
			children = (
				577F402F2991185200B18ED2 /* Base */,
			);
			name = LaunchScreen.storyboard;
			sourceTree = "<group>";
		};
/* End PBXVariantGroup section */

/* Begin XCBuildConfiguration section */
		577F40482991185200B18ED2 /* Debug */ = {
			isa = XCBuildConfiguration;
			buildSettings = {
				ALWAYS_SEARCH_USER_PATHS = NO;
				CLANG_ANALYZER_NONNULL = YES;
				CLANG_ANALYZER_NUMBER_OBJECT_CONVERSION = YES_AGGRESSIVE;
				CLANG_CXX_LANGUAGE_STANDARD = "gnu++20";
				CLANG_ENABLE_MODULES = YES;
				CLANG_ENABLE_OBJC_ARC = YES;
				CLANG_ENABLE_OBJC_WEAK = YES;
				CLANG_WARN_BLOCK_CAPTURE_AUTORELEASING = YES;
				CLANG_WARN_BOOL_CONVERSION = YES;
				CLANG_WARN_COMMA = YES;
				CLANG_WARN_CONSTANT_CONVERSION = YES;
				CLANG_WARN_DEPRECATED_OBJC_IMPLEMENTATIONS = YES;
				CLANG_WARN_DIRECT_OBJC_ISA_USAGE = YES_ERROR;
				CLANG_WARN_DOCUMENTATION_COMMENTS = YES;
				CLANG_WARN_EMPTY_BODY = YES;
				CLANG_WARN_ENUM_CONVERSION = YES;
				CLANG_WARN_INFINITE_RECURSION = YES;
				CLANG_WARN_INT_CONVERSION = YES;
				CLANG_WARN_NON_LITERAL_NULL_CONVERSION = YES;
				CLANG_WARN_OBJC_IMPLICIT_RETAIN_SELF = YES;
				CLANG_WARN_OBJC_LITERAL_CONVERSION = YES;
				CLANG_WARN_OBJC_ROOT_CLASS = YES_ERROR;
				CLANG_WARN_QUOTED_INCLUDE_IN_FRAMEWORK_HEADER = YES;
				CLANG_WARN_RANGE_LOOP_ANALYSIS = YES;
				CLANG_WARN_STRICT_PROTOTYPES = YES;
				CLANG_WARN_SUSPICIOUS_MOVE = YES;
				CLANG_WARN_UNGUARDED_AVAILABILITY = YES_AGGRESSIVE;
				CLANG_WARN_UNREACHABLE_CODE = YES;
				CLANG_WARN__DUPLICATE_METHOD_MATCH = YES;
				COPY_PHASE_STRIP = NO;
				DEBUG_INFORMATION_FORMAT = dwarf;
				ENABLE_STRICT_OBJC_MSGSEND = YES;
				ENABLE_TESTABILITY = YES;
				GCC_C_LANGUAGE_STANDARD = gnu11;
				GCC_DYNAMIC_NO_PIC = NO;
				GCC_NO_COMMON_BLOCKS = YES;
				GCC_OPTIMIZATION_LEVEL = 0;
				GCC_PREPROCESSOR_DEFINITIONS = (
					"DEBUG=1",
					"$(inherited)",
				);
				GCC_WARN_64_TO_32_BIT_CONVERSION = YES;
				GCC_WARN_ABOUT_RETURN_TYPE = YES_ERROR;
				GCC_WARN_UNDECLARED_SELECTOR = YES;
				GCC_WARN_UNINITIALIZED_AUTOS = YES_AGGRESSIVE;
				GCC_WARN_UNUSED_FUNCTION = YES;
				GCC_WARN_UNUSED_VARIABLE = YES;
				IPHONEOS_DEPLOYMENT_TARGET = 16.2;
				MTL_ENABLE_DEBUG_INFO = INCLUDE_SOURCE;
				MTL_FAST_MATH = YES;
				ONLY_ACTIVE_ARCH = YES;
				SDKROOT = iphoneos;
				SWIFT_ACTIVE_COMPILATION_CONDITIONS = DEBUG;
				SWIFT_OPTIMIZATION_LEVEL = "-Onone";
			};
			name = Debug;
		};
		577F40492991185200B18ED2 /* Release */ = {
			isa = XCBuildConfiguration;
			buildSettings = {
				ALWAYS_SEARCH_USER_PATHS = NO;
				CLANG_ANALYZER_NONNULL = YES;
				CLANG_ANALYZER_NUMBER_OBJECT_CONVERSION = YES_AGGRESSIVE;
				CLANG_CXX_LANGUAGE_STANDARD = "gnu++20";
				CLANG_ENABLE_MODULES = YES;
				CLANG_ENABLE_OBJC_ARC = YES;
				CLANG_ENABLE_OBJC_WEAK = YES;
				CLANG_WARN_BLOCK_CAPTURE_AUTORELEASING = YES;
				CLANG_WARN_BOOL_CONVERSION = YES;
				CLANG_WARN_COMMA = YES;
				CLANG_WARN_CONSTANT_CONVERSION = YES;
				CLANG_WARN_DEPRECATED_OBJC_IMPLEMENTATIONS = YES;
				CLANG_WARN_DIRECT_OBJC_ISA_USAGE = YES_ERROR;
				CLANG_WARN_DOCUMENTATION_COMMENTS = YES;
				CLANG_WARN_EMPTY_BODY = YES;
				CLANG_WARN_ENUM_CONVERSION = YES;
				CLANG_WARN_INFINITE_RECURSION = YES;
				CLANG_WARN_INT_CONVERSION = YES;
				CLANG_WARN_NON_LITERAL_NULL_CONVERSION = YES;
				CLANG_WARN_OBJC_IMPLICIT_RETAIN_SELF = YES;
				CLANG_WARN_OBJC_LITERAL_CONVERSION = YES;
				CLANG_WARN_OBJC_ROOT_CLASS = YES_ERROR;
				CLANG_WARN_QUOTED_INCLUDE_IN_FRAMEWORK_HEADER = YES;
				CLANG_WARN_RANGE_LOOP_ANALYSIS = YES;
				CLANG_WARN_STRICT_PROTOTYPES = YES;
				CLANG_WARN_SUSPICIOUS_MOVE = YES;
				CLANG_WARN_UNGUARDED_AVAILABILITY = YES_AGGRESSIVE;
				CLANG_WARN_UNREACHABLE_CODE = YES;
				CLANG_WARN__DUPLICATE_METHOD_MATCH = YES;
				COPY_PHASE_STRIP = NO;
				DEBUG_INFORMATION_FORMAT = "dwarf-with-dsym";
				ENABLE_NS_ASSERTIONS = NO;
				ENABLE_STRICT_OBJC_MSGSEND = YES;
				GCC_C_LANGUAGE_STANDARD = gnu11;
				GCC_NO_COMMON_BLOCKS = YES;
				GCC_WARN_64_TO_32_BIT_CONVERSION = YES;
				GCC_WARN_ABOUT_RETURN_TYPE = YES_ERROR;
				GCC_WARN_UNDECLARED_SELECTOR = YES;
				GCC_WARN_UNINITIALIZED_AUTOS = YES_AGGRESSIVE;
				GCC_WARN_UNUSED_FUNCTION = YES;
				GCC_WARN_UNUSED_VARIABLE = YES;
				IPHONEOS_DEPLOYMENT_TARGET = 16.2;
				MTL_ENABLE_DEBUG_INFO = NO;
				MTL_FAST_MATH = YES;
				SDKROOT = iphoneos;
				SWIFT_COMPILATION_MODE = wholemodule;
				SWIFT_OPTIMIZATION_LEVEL = "-O";
				VALIDATE_PRODUCT = YES;
			};
			name = Release;
		};
		577F404B2991185200B18ED2 /* Debug */ = {
			isa = XCBuildConfiguration;
			buildSettings = {
				ASSETCATALOG_COMPILER_APPICON_NAME = AppIcon;
				ASSETCATALOG_COMPILER_GLOBAL_ACCENT_COLOR_NAME = AccentColor;
				CODE_SIGN_STYLE = Automatic;
				CURRENT_PROJECT_VERSION = 1;
				GENERATE_INFOPLIST_FILE = YES;
				INFOPLIST_FILE = TMS/Info.plist;
				INFOPLIST_KEY_UIApplicationSupportsIndirectInputEvents = YES;
				INFOPLIST_KEY_UILaunchStoryboardName = LaunchScreen;
				INFOPLIST_KEY_UIMainStoryboardFile = Main;
				INFOPLIST_KEY_UISupportedInterfaceOrientations_iPad = "UIInterfaceOrientationPortrait UIInterfaceOrientationPortraitUpsideDown UIInterfaceOrientationLandscapeLeft UIInterfaceOrientationLandscapeRight";
				INFOPLIST_KEY_UISupportedInterfaceOrientations_iPhone = "UIInterfaceOrientationPortrait UIInterfaceOrientationLandscapeLeft UIInterfaceOrientationLandscapeRight";
				LD_RUNPATH_SEARCH_PATHS = (
					"$(inherited)",
					"@executable_path/Frameworks",
				);
				MARKETING_VERSION = 1.0;
				PRODUCT_BUNDLE_IDENTIFIER = "tms-id.TMS";
				PRODUCT_NAME = "$(TARGET_NAME)";
				SWIFT_EMIT_LOC_STRINGS = YES;
				SWIFT_VERSION = 5.0;
				TARGETED_DEVICE_FAMILY = "1,2";
			};
			name = Debug;
		};
		577F404C2991185200B18ED2 /* Release */ = {
			isa = XCBuildConfiguration;
			buildSettings = {
				ASSETCATALOG_COMPILER_APPICON_NAME = AppIcon;
				ASSETCATALOG_COMPILER_GLOBAL_ACCENT_COLOR_NAME = AccentColor;
				CODE_SIGN_STYLE = Automatic;
				CURRENT_PROJECT_VERSION = 1;
				GENERATE_INFOPLIST_FILE = YES;
				INFOPLIST_FILE = TMS/Info.plist;
				INFOPLIST_KEY_UIApplicationSupportsIndirectInputEvents = YES;
				INFOPLIST_KEY_UILaunchStoryboardName = LaunchScreen;
				INFOPLIST_KEY_UIMainStoryboardFile = Main;
				INFOPLIST_KEY_UISupportedInterfaceOrientations_iPad = "UIInterfaceOrientationPortrait UIInterfaceOrientationPortraitUpsideDown UIInterfaceOrientationLandscapeLeft UIInterfaceOrientationLandscapeRight";
				INFOPLIST_KEY_UISupportedInterfaceOrientations_iPhone = "UIInterfaceOrientationPortrait UIInterfaceOrientationLandscapeLeft UIInterfaceOrientationLandscapeRight";
				LD_RUNPATH_SEARCH_PATHS = (
					"$(inherited)",
					"@executable_path/Frameworks",
				);
				MARKETING_VERSION = 1.0;
				PRODUCT_BUNDLE_IDENTIFIER = "tms-id.TMS";
				PRODUCT_NAME = "$(TARGET_NAME)";
				SWIFT_EMIT_LOC_STRINGS = YES;
				SWIFT_VERSION = 5.0;
				TARGETED_DEVICE_FAMILY = "1,2";
			};
			name = Release;
		};
		577F404E2991185200B18ED2 /* Debug */ = {
			isa = XCBuildConfiguration;
			buildSettings = {
				ALWAYS_EMBED_SWIFT_STANDARD_LIBRARIES = YES;
				BUNDLE_LOADER = "$(TEST_HOST)";
				CODE_SIGN_STYLE = Automatic;
				CURRENT_PROJECT_VERSION = 1;
				GENERATE_INFOPLIST_FILE = YES;
				IPHONEOS_DEPLOYMENT_TARGET = 16.2;
				MARKETING_VERSION = 1.0;
				PRODUCT_BUNDLE_IDENTIFIER = "tms-id.TMSTests";
				PRODUCT_NAME = "$(TARGET_NAME)";
				SWIFT_EMIT_LOC_STRINGS = NO;
				SWIFT_VERSION = 5.0;
				TARGETED_DEVICE_FAMILY = "1,2";
				TEST_HOST = "$(BUILT_PRODUCTS_DIR)/TMS.app/$(BUNDLE_EXECUTABLE_FOLDER_PATH)/TMS";
			};
			name = Debug;
		};
		577F404F2991185200B18ED2 /* Release */ = {
			isa = XCBuildConfiguration;
			buildSettings = {
				ALWAYS_EMBED_SWIFT_STANDARD_LIBRARIES = YES;
				BUNDLE_LOADER = "$(TEST_HOST)";
				CODE_SIGN_STYLE = Automatic;
				CURRENT_PROJECT_VERSION = 1;
				GENERATE_INFOPLIST_FILE = YES;
				IPHONEOS_DEPLOYMENT_TARGET = 16.2;
				MARKETING_VERSION = 1.0;
				PRODUCT_BUNDLE_IDENTIFIER = "tms-id.TMSTests";
				PRODUCT_NAME = "$(TARGET_NAME)";
				SWIFT_EMIT_LOC_STRINGS = NO;
				SWIFT_VERSION = 5.0;
				TARGETED_DEVICE_FAMILY = "1,2";
				TEST_HOST = "$(BUILT_PRODUCTS_DIR)/TMS.app/$(BUNDLE_EXECUTABLE_FOLDER_PATH)/TMS";
			};
			name = Release;
		};
		577F40512991185200B18ED2 /* Debug */ = {
			isa = XCBuildConfiguration;
			buildSettings = {
				ALWAYS_EMBED_SWIFT_STANDARD_LIBRARIES = YES;
				CODE_SIGN_STYLE = Automatic;
				CURRENT_PROJECT_VERSION = 1;
				GENERATE_INFOPLIST_FILE = YES;
				MARKETING_VERSION = 1.0;
				PRODUCT_BUNDLE_IDENTIFIER = "tms-id.TMSUITests";
				PRODUCT_NAME = "$(TARGET_NAME)";
				SWIFT_EMIT_LOC_STRINGS = NO;
				SWIFT_VERSION = 5.0;
				TARGETED_DEVICE_FAMILY = "1,2";
				TEST_TARGET_NAME = TMS;
			};
			name = Debug;
		};
		577F40522991185200B18ED2 /* Release */ = {
			isa = XCBuildConfiguration;
			buildSettings = {
				ALWAYS_EMBED_SWIFT_STANDARD_LIBRARIES = YES;
				CODE_SIGN_STYLE = Automatic;
				CURRENT_PROJECT_VERSION = 1;
				GENERATE_INFOPLIST_FILE = YES;
				MARKETING_VERSION = 1.0;
				PRODUCT_BUNDLE_IDENTIFIER = "tms-id.TMSUITests";
				PRODUCT_NAME = "$(TARGET_NAME)";
				SWIFT_EMIT_LOC_STRINGS = NO;
				SWIFT_VERSION = 5.0;
				TARGETED_DEVICE_FAMILY = "1,2";
				TEST_TARGET_NAME = TMS;
			};
			name = Release;
		};
/* End XCBuildConfiguration section */

/* Begin XCConfigurationList section */
		577F40182991185000B18ED2 /* Build configuration list for PBXProject "TMS" */ = {
			isa = XCConfigurationList;
			buildConfigurations = (
				577F40482991185200B18ED2 /* Debug */,
				577F40492991185200B18ED2 /* Release */,
			);
			defaultConfigurationIsVisible = 0;
			defaultConfigurationName = Release;
		};
		577F404A2991185200B18ED2 /* Build configuration list for PBXNativeTarget "TMS" */ = {
			isa = XCConfigurationList;
			buildConfigurations = (
				577F404B2991185200B18ED2 /* Debug */,
				577F404C2991185200B18ED2 /* Release */,
			);
			defaultConfigurationIsVisible = 0;
			defaultConfigurationName = Release;
		};
		577F404D2991185200B18ED2 /* Build configuration list for PBXNativeTarget "TMSTests" */ = {
			isa = XCConfigurationList;
			buildConfigurations = (
				577F404E2991185200B18ED2 /* Debug */,
				577F404F2991185200B18ED2 /* Release */,
			);
			defaultConfigurationIsVisible = 0;
			defaultConfigurationName = Release;
		};
		577F40502991185200B18ED2 /* Build configuration list for PBXNativeTarget "TMSUITests" */ = {
			isa = XCConfigurationList;
			buildConfigurations = (
				577F40512991185200B18ED2 /* Debug */,
				577F40522991185200B18ED2 /* Release */,
			);
			defaultConfigurationIsVisible = 0;
			defaultConfigurationName = Release;
		};
/* End XCConfigurationList section */

/* Begin XCVersionGroup section */
		577F40292991185000B18ED2 /* TMS.xcdatamodeld */ = {
			isa = XCVersionGroup;
			children = (
				577F402A2991185000B18ED2 /* TMS.xcdatamodel */,
			);
			currentVersion = 577F402A2991185000B18ED2 /* TMS.xcdatamodel */;
			path = TMS.xcdatamodeld;
			sourceTree = "<group>";
			versionGroupType = wrapper.xcdatamodel;
		};
/* End XCVersionGroup section */
	};
	rootObject = 577F40152991185000B18ED2 /* Project object */;
}
